{
  "name": "jsbinaryutils",
  "version": "1.0.0",
  "lockfileVersion": 1,
  "requires": true,
  "dependencies": {
    "@types/node": {
      "version": "14.0.14",
      "resolved": "https://registry.npmjs.org/@types/node/-/node-14.0.14.tgz",
      "integrity": "sha512-syUgf67ZQpaJj01/tRTknkMNoBBLWJOBODF0Zm4NrXmiSuxjymFrxnTu1QVYRubhVkRcZLYZG8STTwJRdVm/WQ=="
    },
    "npmrc": {
      "version": "1.1.1",
      "resolved": "https://registry.npmjs.org/npmrc/-/npmrc-1.1.1.tgz",
      "integrity": "sha1-KBupOt6FxN4rBGEQMfL/LyTmId0="
    }
  }
}
